
Microsoft Visual Studio Solution File, Format Version 12.00
# Visual Studio Version 17
VisualStudioVersion = 17.11.35312.102
MinimumVisualStudioVersion = 10.0.40219.1
Project("{FAE04EC0-301F-11D3-BF4B-00C04F79EFBC}") = "ConsoleAppTester", "ConsoleAppTester\ConsoleAppTester.csproj", "{08EE20F0-C922-4A68-A824-214A05813DAE}"
EndProject
Project("{FAE04EC0-301F-11D3-BF4B-00C04F79EFBC}") = "MyMathLibrary", "MyMathLibrary\MyMathLibrary.csproj", "{A37B8520-B56A-40B9-A77A-016322DCB92B}"
EndProject
Global
	GlobalSection(SolutionConfigurationPlatforms) = preSolution
		Debug|Any CPU = Debug|Any CPU
		Release|Any CPU = Release|Any CPU
	EndGlobalSection
	GlobalSection(ProjectConfigurationPlatforms) = postSolution
		{08EE20F0-C922-4A68-A824-214A05813DAE}.Debug|Any CPU.ActiveCfg = Debug|Any CPU
		{08EE20F0-C922-4A68-A824-214A05813DAE}.Debug|Any CPU.Build.0 = Debug|Any CPU
		{08EE20F0-C922-4A68-A824-214A05813DAE}.Release|Any CPU.ActiveCfg = Release|Any CPU
		{08EE20F0-C922-4A68-A824-214A05813DAE}.Release|Any CPU.Build.0 = Release|Any CPU
		{A37B8520-B56A-40B9-A77A-016322DCB92B}.Debug|Any CPU.ActiveCfg = Debug|Any CPU
		{A37B8520-B56A-40B9-A77A-016322DCB92B}.Debug|Any CPU.Build.0 = Debug|Any CPU
		{A37B8520-B56A-40B9-A77A-016322DCB92B}.Release|Any CPU.ActiveCfg = Release|Any CPU
		{A37B8520-B56A-40B9-A77A-016322DCB92B}.Release|Any CPU.Build.0 = Release|Any CPU
	EndGlobalSection
	GlobalSection(SolutionProperties) = preSolution
		HideSolutionNode = FALSE
	EndGlobalSection
	GlobalSection(ExtensibilityGlobals) = postSolution
		SolutionGuid = {DE8B76AD-843B-45F5-AB0E-6EDF0F810909}
	EndGlobalSection
EndGlobal
